
Microsoft Visual Studio Solution File, Format Version 12.00
# Visual Studio Version 16
VisualStudioVersion = 16.0.30128.74
MinimumVisualStudioVersion = 10.0.40219.1
Project("{FAE04EC0-301F-11D3-BF4B-00C04F79EFBC}") = "Loupedeck.GoXLR.Utility.Plugin", "Loupedeck.GoXLR.Utility.Plugin\Loupedeck.GoXLR.Utility.Plugin.csproj", "{7E80ECAD-E47E-46BC-89D2-EC4B83736264}"
EndProject
Global
	GlobalSection(SolutionConfigurationPlatforms) = preSolution
		Debug|Any CPU = Debug|Any CPU
		Release|Any CPU = Release|Any CPU
	EndGlobalSection
	GlobalSection(ProjectConfigurationPlatforms) = postSolution
		{7E80ECAD-E47E-46BC-89D2-EC4B83736264}.Debug|Any CPU.ActiveCfg = Debug|Any CPU
		{7E80ECAD-E47E-46BC-89D2-EC4B83736264}.Debug|Any CPU.Build.0 = Debug|Any CPU
		{7E80ECAD-E47E-46BC-89D2-EC4B83736264}.Release|Any CPU.ActiveCfg = Release|Any CPU
		{7E80ECAD-E47E-46BC-89D2-EC4B83736264}.Release|Any CPU.Build.0 = Release|Any CPU
	EndGlobalSection
	GlobalSection(SolutionProperties) = preSolution
		HideSolutionNode = FALSE
	EndGlobalSection
	GlobalSection(ExtensibilityGlobals) = postSolution
		SolutionGuid = {693C877E-800C-46E0-8980-EE8B35B19777}
	EndGlobalSection
EndGlobal
